
Microsoft Visual Studio Solution File, Format Version 12.00
# Visual Studio Version 17
VisualStudioVersion = 17.7.34302.85
MinimumVisualStudioVersion = 10.0.40219.1
Project("{FAE04EC0-301F-11D3-BF4B-00C04F79EFBC}") = "Microsoft.AzCopy", "Microsoft.AzCopy\Microsoft.AzCopy.csproj", "{19F3DB22-C7A5-417E-9F09-1B4DFDF0209A}"
EndProject
Project("{FAE04EC0-301F-11D3-BF4B-00C04F79EFBC}") = "Microsoft.AzCopy.Linux.Arm64", "Microsoft.AzCopy.Linux.Arm64\Microsoft.AzCopy.Linux.Arm64.csproj", "{0FC0E618-25E6-4F39-BBDA-ABB58AA50195}"
EndProject
Project("{FAE04EC0-301F-11D3-BF4B-00C04F79EFBC}") = "Microsoft.AzCopy.Linux.X64", "Microsoft.AzCopy.Linux.X64\Microsoft.AzCopy.Linux.X64.csproj", "{A18C411F-07BE-4AA5-BE67-FEE79815CFB7}"
EndProject
Project("{FAE04EC0-301F-11D3-BF4B-00C04F79EFBC}") = "Microsoft.AzCopy.MacOS.Arm64", "Microsoft.AzCopy.MacOS.Arm64\Microsoft.AzCopy.MacOS.Arm64.csproj", "{8964650B-7CE5-4463-9A2F-BF97EE6267DF}"
EndProject
Project("{FAE04EC0-301F-11D3-BF4B-00C04F79EFBC}") = "Microsoft.AzCopy.MacOS.X64", "Microsoft.AzCopy.MacOS.X64\Microsoft.AzCopy.MacOS.X64.csproj", "{B5DE3F83-BE85-435F-8F30-C30E863807ED}"
EndProject
Project("{FAE04EC0-301F-11D3-BF4B-00C04F79EFBC}") = "Microsoft.AzCopy.Windows.X64", "Microsoft.AzCopy.Windows.X64\Microsoft.AzCopy.Windows.X64.csproj", "{050B0548-2D52-4A5D-A01A-565D321F3A47}"
EndProject
Project("{FAE04EC0-301F-11D3-BF4B-00C04F79EFBC}") = "Microsoft.AzCopy.Windows.X86", "Microsoft.AzCopy.Windows.X86\Microsoft.AzCopy.Windows.X86.csproj", "{6DC96B16-52BB-4100-8C36-C101435379EA}"
EndProject
Global
	GlobalSection(SolutionConfigurationPlatforms) = preSolution
		Debug|Any CPU = Debug|Any CPU
		Release|Any CPU = Release|Any CPU
	EndGlobalSection
	GlobalSection(ProjectConfigurationPlatforms) = postSolution
		{19F3DB22-C7A5-417E-9F09-1B4DFDF0209A}.Debug|Any CPU.ActiveCfg = Debug|Any CPU
		{19F3DB22-C7A5-417E-9F09-1B4DFDF0209A}.Debug|Any CPU.Build.0 = Debug|Any CPU
		{19F3DB22-C7A5-417E-9F09-1B4DFDF0209A}.Release|Any CPU.ActiveCfg = Release|Any CPU
		{19F3DB22-C7A5-417E-9F09-1B4DFDF0209A}.Release|Any CPU.Build.0 = Release|Any CPU
		{0FC0E618-25E6-4F39-BBDA-ABB58AA50195}.Debug|Any CPU.ActiveCfg = Debug|Any CPU
		{0FC0E618-25E6-4F39-BBDA-ABB58AA50195}.Debug|Any CPU.Build.0 = Debug|Any CPU
		{0FC0E618-25E6-4F39-BBDA-ABB58AA50195}.Release|Any CPU.ActiveCfg = Release|Any CPU
		{0FC0E618-25E6-4F39-BBDA-ABB58AA50195}.Release|Any CPU.Build.0 = Release|Any CPU
		{A18C411F-07BE-4AA5-BE67-FEE79815CFB7}.Debug|Any CPU.ActiveCfg = Debug|Any CPU
		{A18C411F-07BE-4AA5-BE67-FEE79815CFB7}.Debug|Any CPU.Build.0 = Debug|Any CPU
		{A18C411F-07BE-4AA5-BE67-FEE79815CFB7}.Release|Any CPU.ActiveCfg = Release|Any CPU
		{A18C411F-07BE-4AA5-BE67-FEE79815CFB7}.Release|Any CPU.Build.0 = Release|Any CPU
		{8964650B-7CE5-4463-9A2F-BF97EE6267DF}.Debug|Any CPU.ActiveCfg = Debug|Any CPU
		{8964650B-7CE5-4463-9A2F-BF97EE6267DF}.Debug|Any CPU.Build.0 = Debug|Any CPU
		{8964650B-7CE5-4463-9A2F-BF97EE6267DF}.Release|Any CPU.ActiveCfg = Release|Any CPU
		{8964650B-7CE5-4463-9A2F-BF97EE6267DF}.Release|Any CPU.Build.0 = Release|Any CPU
		{B5DE3F83-BE85-435F-8F30-C30E863807ED}.Debug|Any CPU.ActiveCfg = Debug|Any CPU
		{B5DE3F83-BE85-435F-8F30-C30E863807ED}.Debug|Any CPU.Build.0 = Debug|Any CPU
		{B5DE3F83-BE85-435F-8F30-C30E863807ED}.Release|Any CPU.ActiveCfg = Release|Any CPU
		{B5DE3F83-BE85-435F-8F30-C30E863807ED}.Release|Any CPU.Build.0 = Release|Any CPU
		{050B0548-2D52-4A5D-A01A-565D321F3A47}.Debug|Any CPU.ActiveCfg = Debug|Any CPU
		{050B0548-2D52-4A5D-A01A-565D321F3A47}.Debug|Any CPU.Build.0 = Debug|Any CPU
		{050B0548-2D52-4A5D-A01A-565D321F3A47}.Release|Any CPU.ActiveCfg = Release|Any CPU
		{050B0548-2D52-4A5D-A01A-565D321F3A47}.Release|Any CPU.Build.0 = Release|Any CPU
		{6DC96B16-52BB-4100-8C36-C101435379EA}.Debug|Any CPU.ActiveCfg = Debug|Any CPU
		{6DC96B16-52BB-4100-8C36-C101435379EA}.Debug|Any CPU.Build.0 = Debug|Any CPU
		{6DC96B16-52BB-4100-8C36-C101435379EA}.Release|Any CPU.ActiveCfg = Release|Any CPU
		{6DC96B16-52BB-4100-8C36-C101435379EA}.Release|Any CPU.Build.0 = Release|Any CPU
	EndGlobalSection
	GlobalSection(SolutionProperties) = preSolution
		HideSolutionNode = FALSE
	EndGlobalSection
	GlobalSection(ExtensibilityGlobals) = postSolution
		SolutionGuid = {217DF528-B53E-423A-BDD0-00C26C3BD78F}
	EndGlobalSection
EndGlobal
